
Microsoft Visual Studio Solution File, Format Version 12.00
# Visual Studio Version 16
VisualStudioVersion = 16.0.30413.136
MinimumVisualStudioVersion = 10.0.40219.1
Project("{FAE04EC0-301F-11D3-BF4B-00C04F79EFBC}") = "PlasticCompany", "PlasticCompany.csproj", "{CE72AD57-F601-4E07-82BF-C7518807455B}"
EndProject
Global
	GlobalSection(SolutionConfigurationPlatforms) = preSolution
		Debug|Any CPU = Debug|Any CPU
		Release|Any CPU = Release|Any CPU
	EndGlobalSection
	GlobalSection(ProjectConfigurationPlatforms) = postSolution
		{CE72AD57-F601-4E07-82BF-C7518807455B}.Debug|Any CPU.ActiveCfg = Debug|Any CPU
		{CE72AD57-F601-4E07-82BF-C7518807455B}.Debug|Any CPU.Build.0 = Debug|Any CPU
		{CE72AD57-F601-4E07-82BF-C7518807455B}.Release|Any CPU.ActiveCfg = Release|Any CPU
		{CE72AD57-F601-4E07-82BF-C7518807455B}.Release|Any CPU.Build.0 = Release|Any CPU
	EndGlobalSection
	GlobalSection(SolutionProperties) = preSolution
		HideSolutionNode = FALSE
	EndGlobalSection
	GlobalSection(ExtensibilityGlobals) = postSolution
		SolutionGuid = {6784725D-C4CB-44D3-A707-5F1A4BADDBB5}
	EndGlobalSection
EndGlobal
